{
  "requires": true,
  "lockfileVersion": 1,
  "dependencies": {
    "vuetify-confirm": {
      "version": "2.0.6",
      "resolved": "https://registry.npmjs.org/vuetify-confirm/-/vuetify-confirm-2.0.6.tgz",
      "integrity": "sha512-WXgcj95kFbTAU0/On28iedSb71VjK0SfB6Q+MZIV/py3tAB3Yuq5PfPtT4lYYNvYHP4v3hmx4YyvdWE00Ea6DQ=="
    }
  }
}
